// !$*UTF8*$!
{
	archiveVersion = 1;
	classes = {
	};
	objectVersion = 48;
	objects = {

/* Begin PBXBuildFile section */
		04836AD920BAABDF00CD2311 /* LeaderboardController.swift in Sources */ = {isa = PBXBuildFile; fileRef = 04836AD820BAABDF00CD2311 /* LeaderboardController.swift */; };
		04836ADF20BAB20F00CD2311 /* LeaderboardRow.swift in Sources */ = {isa = PBXBuildFile; fileRef = 04836ADE20BAB20F00CD2311 /* LeaderboardRow.swift */; };
		04AD4D4D20BCDFE300F406D9 /* Score.swift in Sources */ = {isa = PBXBuildFile; fileRef = 04AD4D4C20BCDFE300F406D9 /* Score.swift */; };
		04D7D73120B15DC6006E3803 /* GameKit.framework in Frameworks */ = {isa = PBXBuildFile; fileRef = 04D7D73020B15DC6006E3803 /* GameKit.framework */; };
		DCE5D4A920BA41F200CAC42A /* TuneTilt.xcdatamodeld in Sources */ = {isa = PBXBuildFile; fileRef = DCE5D4A720BA41F200CAC42A /* TuneTilt.xcdatamodeld */; };
		DDCD987620AA946300B8D4D2 /* AppDelegate.swift in Sources */ = {isa = PBXBuildFile; fileRef = DDCD987520AA946300B8D4D2 /* AppDelegate.swift */; };
		DDCD987820AA946300B8D4D2 /* ViewController.swift in Sources */ = {isa = PBXBuildFile; fileRef = DDCD987720AA946300B8D4D2 /* ViewController.swift */; };
		DDCD987B20AA946300B8D4D2 /* Main.storyboard in Resources */ = {isa = PBXBuildFile; fileRef = DDCD987920AA946300B8D4D2 /* Main.storyboard */; };
		DDCD987D20AA946400B8D4D2 /* Assets.xcassets in Resources */ = {isa = PBXBuildFile; fileRef = DDCD987C20AA946400B8D4D2 /* Assets.xcassets */; };
		DDCD988020AA946400B8D4D2 /* LaunchScreen.storyboard in Resources */ = {isa = PBXBuildFile; fileRef = DDCD987E20AA946400B8D4D2 /* LaunchScreen.storyboard */; };
		DDCD988920AA959900B8D4D2 /* GameController.swift in Sources */ = {isa = PBXBuildFile; fileRef = DDCD988820AA959900B8D4D2 /* GameController.swift */; };
/* End PBXBuildFile section */

/* Begin PBXFileReference section */
		04836AD820BAABDF00CD2311 /* LeaderboardController.swift */ = {isa = PBXFileReference; lastKnownFileType = sourcecode.swift; path = LeaderboardController.swift; sourceTree = "<group>"; };
		04836ADE20BAB20F00CD2311 /* LeaderboardRow.swift */ = {isa = PBXFileReference; lastKnownFileType = sourcecode.swift; path = LeaderboardRow.swift; sourceTree = "<group>"; };
		04AD4D4C20BCDFE300F406D9 /* Score.swift */ = {isa = PBXFileReference; lastKnownFileType = sourcecode.swift; path = Score.swift; sourceTree = "<group>"; };
		04D7D73020B15DC6006E3803 /* GameKit.framework */ = {isa = PBXFileReference; lastKnownFileType = wrapper.framework; name = GameKit.framework; path = System/Library/Frameworks/GameKit.framework; sourceTree = SDKROOT; };
		DCE5D4A820BA41F200CAC42A /* TuneTilt.xcdatamodel */ = {isa = PBXFileReference; lastKnownFileType = wrapper.xcdatamodel; path = TuneTilt.xcdatamodel; sourceTree = "<group>"; };
		DDCD987220AA946300B8D4D2 /* tunetilt.app */ = {isa = PBXFileReference; explicitFileType = wrapper.application; includeInIndex = 0; path = tunetilt.app; sourceTree = BUILT_PRODUCTS_DIR; };
		DDCD987520AA946300B8D4D2 /* AppDelegate.swift */ = {isa = PBXFileReference; lastKnownFileType = sourcecode.swift; path = AppDelegate.swift; sourceTree = "<group>"; };
		DDCD987720AA946300B8D4D2 /* ViewController.swift */ = {isa = PBXFileReference; lastKnownFileType = sourcecode.swift; path = ViewController.swift; sourceTree = "<group>"; };
		DDCD987A20AA946300B8D4D2 /* Base */ = {isa = PBXFileReference; lastKnownFileType = file.storyboard; name = Base; path = Base.lproj/Main.storyboard; sourceTree = "<group>"; };
		DDCD987C20AA946400B8D4D2 /* Assets.xcassets */ = {isa = PBXFileReference; lastKnownFileType = folder.assetcatalog; path = Assets.xcassets; sourceTree = "<group>"; };
		DDCD987F20AA946400B8D4D2 /* Base */ = {isa = PBXFileReference; lastKnownFileType = file.storyboard; name = Base; path = Base.lproj/LaunchScreen.storyboard; sourceTree = "<group>"; };
		DDCD988120AA946400B8D4D2 /* Info.plist */ = {isa = PBXFileReference; lastKnownFileType = text.plist.xml; path = Info.plist; sourceTree = "<group>"; };
		DDCD988820AA959900B8D4D2 /* GameController.swift */ = {isa = PBXFileReference; fileEncoding = 4; lastKnownFileType = sourcecode.swift; path = GameController.swift; sourceTree = "<group>"; };
/* End PBXFileReference section */

/* Begin PBXFrameworksBuildPhase section */
		DDCD986F20AA946300B8D4D2 /* Frameworks */ = {
			isa = PBXFrameworksBuildPhase;
			buildActionMask = 2147483647;
			files = (
				04D7D73120B15DC6006E3803 /* GameKit.framework in Frameworks */,
			);
			runOnlyForDeploymentPostprocessing = 0;
		};
/* End PBXFrameworksBuildPhase section */

/* Begin PBXGroup section */
		04D7D72D20B15C65006E3803 /* Frameworks */ = {
			isa = PBXGroup;
			children = (
				04D7D73020B15DC6006E3803 /* GameKit.framework */,
			);
			name = Frameworks;
			sourceTree = "<group>";
		};
		DDCD986920AA946300B8D4D2 = {
			isa = PBXGroup;
			children = (
				DDCD987420AA946300B8D4D2 /* tunetilt */,
				DDCD987320AA946300B8D4D2 /* Products */,
				04D7D72D20B15C65006E3803 /* Frameworks */,
			);
			sourceTree = "<group>";
		};
		DDCD987320AA946300B8D4D2 /* Products */ = {
			isa = PBXGroup;
			children = (
				DDCD987220AA946300B8D4D2 /* tunetilt.app */,
			);
			name = Products;
			sourceTree = "<group>";
		};
		DDCD987420AA946300B8D4D2 /* tunetilt */ = {
			isa = PBXGroup;
			children = (
				DDCD988720AA955E00B8D4D2 /* controller */,
				DDCD987520AA946300B8D4D2 /* AppDelegate.swift */,
				DCE5D4A720BA41F200CAC42A /* TuneTilt.xcdatamodeld */,
				DDCD987920AA946300B8D4D2 /* Main.storyboard */,
				DDCD987C20AA946400B8D4D2 /* Assets.xcassets */,
				DDCD987E20AA946400B8D4D2 /* LaunchScreen.storyboard */,
				DDCD988120AA946400B8D4D2 /* Info.plist */,
			);
			path = tunetilt;
			sourceTree = "<group>";
		};
		DDCD988720AA955E00B8D4D2 /* controller */ = {
			isa = PBXGroup;
			children = (
				DDCD988820AA959900B8D4D2 /* GameController.swift */,
				DDCD987720AA946300B8D4D2 /* ViewController.swift */,
				04836AD820BAABDF00CD2311 /* LeaderboardController.swift */,
				04836ADE20BAB20F00CD2311 /* LeaderboardRow.swift */,
				04AD4D4C20BCDFE300F406D9 /* Score.swift */,
			);
			path = controller;
			sourceTree = "<group>";
		};
/* End PBXGroup section */

/* Begin PBXNativeTarget section */
		DDCD987120AA946300B8D4D2 /* tunetilt */ = {
			isa = PBXNativeTarget;
			buildConfigurationList = DDCD988420AA946400B8D4D2 /* Build configuration list for PBXNativeTarget "tunetilt" */;
			buildPhases = (
				DDCD986E20AA946300B8D4D2 /* Sources */,
				DDCD986F20AA946300B8D4D2 /* Frameworks */,
				DDCD987020AA946300B8D4D2 /* Resources */,
			);
			buildRules = (
			);
			dependencies = (
			);
			name = tunetilt;
			productName = tunetilt;
			productReference = DDCD987220AA946300B8D4D2 /* tunetilt.app */;
			productType = "com.apple.product-type.application";
		};
/* End PBXNativeTarget section */

/* Begin PBXProject section */
		DDCD986A20AA946300B8D4D2 /* Project object */ = {
			isa = PBXProject;
			attributes = {
				LastSwiftUpdateCheck = 0930;
				LastUpgradeCheck = 0930;
				ORGANIZATIONNAME = "Blinking Light Studios";
				TargetAttributes = {
					DDCD987120AA946300B8D4D2 = {
						CreatedOnToolsVersion = 9.3.1;
						ProvisioningStyle = Automatic;
						SystemCapabilities = {
							com.apple.GameCenter = {
								enabled = 1;
							};
							com.apple.GameCenter.iOS = {
								enabled = 1;
							};
							com.apple.Maps.iOS = {
								enabled = 0;
							};
						};
					};
				};
			};
			buildConfigurationList = DDCD986D20AA946300B8D4D2 /* Build configuration list for PBXProject "tunetilt" */;
			compatibilityVersion = "Xcode 8.0";
			developmentRegion = en;
			hasScannedForEncodings = 0;
			knownRegions = (
				en,
				Base,
			);
			mainGroup = DDCD986920AA946300B8D4D2;
			productRefGroup = DDCD987320AA946300B8D4D2 /* Products */;
			projectDirPath = "";
			projectRoot = "";
			targets = (
				DDCD987120AA946300B8D4D2 /* tunetilt */,
			);
		};
/* End PBXProject section */

/* Begin PBXResourcesBuildPhase section */
		DDCD987020AA946300B8D4D2 /* Resources */ = {
			isa = PBXResourcesBuildPhase;
			buildActionMask = 2147483647;
			files = (
				DDCD988020AA946400B8D4D2 /* LaunchScreen.storyboard in Resources */,
				DDCD987D20AA946400B8D4D2 /* Assets.xcassets in Resources */,
				DDCD987B20AA946300B8D4D2 /* Main.storyboard in Resources */,
			);
			runOnlyForDeploymentPostprocessing = 0;
		};
/* End PBXResourcesBuildPhase section */

/* Begin PBXSourcesBuildPhase section */
		DDCD986E20AA946300B8D4D2 /* Sources */ = {
			isa = PBXSourcesBuildPhase;
			buildActionMask = 2147483647;
			files = (
				04AD4D4D20BCDFE300F406D9 /* Score.swift in Sources */,
				04836AD920BAABDF00CD2311 /* LeaderboardController.swift in Sources */,
				DDCD987820AA946300B8D4D2 /* ViewController.swift in Sources */,
				04836ADF20BAB20F00CD2311 /* LeaderboardRow.swift in Sources */,
				DDCD988920AA959900B8D4D2 /* GameController.swift in Sources */,
				DCE5D4A920BA41F200CAC42A /* TuneTilt.xcdatamodeld in Sources */,
				DDCD987620AA946300B8D4D2 /* AppDelegate.swift in Sources */,
			);
			runOnlyForDeploymentPostprocessing = 0;
		};
/* End PBXSourcesBuildPhase section */

/* Begin PBXVariantGroup section */
		DDCD987920AA946300B8D4D2 /* Main.storyboard */ = {
			isa = PBXVariantGroup;
			children = (
				DDCD987A20AA946300B8D4D2 /* Base */,
			);
			name = Main.storyboard;
			sourceTree = "<group>";
		};
		DDCD987E20AA946400B8D4D2 /* LaunchScreen.storyboard */ = {
			isa = PBXVariantGroup;
			children = (
				DDCD987F20AA946400B8D4D2 /* Base */,
			);
			name = LaunchScreen.storyboard;
			sourceTree = "<group>";
		};
/* End PBXVariantGroup section */

/* Begin XCBuildConfiguration section */
		DDCD988220AA946400B8D4D2 /* Debug */ = {
			isa = XCBuildConfiguration;
			buildSettings = {
				ALWAYS_SEARCH_USER_PATHS = NO;
				CLANG_ANALYZER_NONNULL = YES;
				CLANG_ANALYZER_NUMBER_OBJECT_CONVERSION = YES_AGGRESSIVE;
				CLANG_CXX_LANGUAGE_STANDARD = "gnu++14";
				CLANG_CXX_LIBRARY = "libc++";
				CLANG_ENABLE_MODULES = YES;
				CLANG_ENABLE_OBJC_ARC = YES;
				CLANG_ENABLE_OBJC_WEAK = YES;
				CLANG_WARN_BLOCK_CAPTURE_AUTORELEASING = YES;
				CLANG_WARN_BOOL_CONVERSION = YES;
				CLANG_WARN_COMMA = YES;
				CLANG_WARN_CONSTANT_CONVERSION = YES;
				CLANG_WARN_DEPRECATED_OBJC_IMPLEMENTATIONS = YES;
				CLANG_WARN_DIRECT_OBJC_ISA_USAGE = YES_ERROR;
				CLANG_WARN_DOCUMENTATION_COMMENTS = YES;
				CLANG_WARN_EMPTY_BODY = YES;
				CLANG_WARN_ENUM_CONVERSION = YES;
				CLANG_WARN_INFINITE_RECURSION = YES;
				CLANG_WARN_INT_CONVERSION = YES;
				CLANG_WARN_NON_LITERAL_NULL_CONVERSION = YES;
				CLANG_WARN_OBJC_IMPLICIT_RETAIN_SELF = YES;
				CLANG_WARN_OBJC_LITERAL_CONVERSION = YES;
				CLANG_WARN_OBJC_ROOT_CLASS = YES_ERROR;
				CLANG_WARN_RANGE_LOOP_ANALYSIS = YES;
				CLANG_WARN_STRICT_PROTOTYPES = YES;
				CLANG_WARN_SUSPICIOUS_MOVE = YES;
				CLANG_WARN_UNGUARDED_AVAILABILITY = YES_AGGRESSIVE;
				CLANG_WARN_UNREACHABLE_CODE = YES;
				CLANG_WARN__DUPLICATE_METHOD_MATCH = YES;
				CODE_SIGN_IDENTITY = "iPhone Developer";
				COPY_PHASE_STRIP = NO;
				DEBUG_INFORMATION_FORMAT = dwarf;
				ENABLE_STRICT_OBJC_MSGSEND = YES;
				ENABLE_TESTABILITY = YES;
				GCC_C_LANGUAGE_STANDARD = gnu11;
				GCC_DYNAMIC_NO_PIC = NO;
				GCC_NO_COMMON_BLOCKS = YES;
				GCC_OPTIMIZATION_LEVEL = 0;
				GCC_PREPROCESSOR_DEFINITIONS = (
					"DEBUG=1",
					"$(inherited)",
				);
				GCC_WARN_64_TO_32_BIT_CONVERSION = YES;
				GCC_WARN_ABOUT_RETURN_TYPE = YES_ERROR;
				GCC_WARN_UNDECLARED_SELECTOR = YES;
				GCC_WARN_UNINITIALIZED_AUTOS = YES_AGGRESSIVE;
				GCC_WARN_UNUSED_FUNCTION = YES;
				GCC_WARN_UNUSED_VARIABLE = YES;
				IPHONEOS_DEPLOYMENT_TARGET = 11.3;
				MTL_ENABLE_DEBUG_INFO = YES;
				ONLY_ACTIVE_ARCH = YES;
				SDKROOT = iphoneos;
				SWIFT_ACTIVE_COMPILATION_CONDITIONS = DEBUG;
				SWIFT_OPTIMIZATION_LEVEL = "-Onone";
			};
			name = Debug;
		};
		DDCD988320AA946400B8D4D2 /* Release */ = {
			isa = XCBuildConfiguration;
			buildSettings = {
				ALWAYS_SEARCH_USER_PATHS = NO;
				CLANG_ANALYZER_NONNULL = YES;
				CLANG_ANALYZER_NUMBER_OBJECT_CONVERSION = YES_AGGRESSIVE;
				CLANG_CXX_LANGUAGE_STANDARD = "gnu++14";
				CLANG_CXX_LIBRARY = "libc++";
				CLANG_ENABLE_MODULES = YES;
				CLANG_ENABLE_OBJC_ARC = YES;
				CLANG_ENABLE_OBJC_WEAK = YES;
				CLANG_WARN_BLOCK_CAPTURE_AUTORELEASING = YES;
				CLANG_WARN_BOOL_CONVERSION = YES;
				CLANG_WARN_COMMA = YES;
				CLANG_WARN_CONSTANT_CONVERSION = YES;
				CLANG_WARN_DEPRECATED_OBJC_IMPLEMENTATIONS = YES;
				CLANG_WARN_DIRECT_OBJC_ISA_USAGE = YES_ERROR;
				CLANG_WARN_DOCUMENTATION_COMMENTS = YES;
				CLANG_WARN_EMPTY_BODY = YES;
				CLANG_WARN_ENUM_CONVERSION = YES;
				CLANG_WARN_INFINITE_RECURSION = YES;
				CLANG_WARN_INT_CONVERSION = YES;
				CLANG_WARN_NON_LITERAL_NULL_CONVERSION = YES;
				CLANG_WARN_OBJC_IMPLICIT_RETAIN_SELF = YES;
				CLANG_WARN_OBJC_LITERAL_CONVERSION = YES;
				CLANG_WARN_OBJC_ROOT_CLASS = YES_ERROR;
				CLANG_WARN_RANGE_LOOP_ANALYSIS = YES;
				CLANG_WARN_STRICT_PROTOTYPES = YES;
				CLANG_WARN_SUSPICIOUS_MOVE = YES;
				CLANG_WARN_UNGUARDED_AVAILABILITY = YES_AGGRESSIVE;
				CLANG_WARN_UNREACHABLE_CODE = YES;
				CLANG_WARN__DUPLICATE_METHOD_MATCH = YES;
				CODE_SIGN_IDENTITY = "iPhone Developer";
				COPY_PHASE_STRIP = NO;
				DEBUG_INFORMATION_FORMAT = "dwarf-with-dsym";
				ENABLE_NS_ASSERTIONS = NO;
				ENABLE_STRICT_OBJC_MSGSEND = YES;
				GCC_C_LANGUAGE_STANDARD = gnu11;
				GCC_NO_COMMON_BLOCKS = YES;
				GCC_WARN_64_TO_32_BIT_CONVERSION = YES;
				GCC_WARN_ABOUT_RETURN_TYPE = YES_ERROR;
				GCC_WARN_UNDECLARED_SELECTOR = YES;
				GCC_WARN_UNINITIALIZED_AUTOS = YES_AGGRESSIVE;
				GCC_WARN_UNUSED_FUNCTION = YES;
				GCC_WARN_UNUSED_VARIABLE = YES;
				IPHONEOS_DEPLOYMENT_TARGET = 11.3;
				MTL_ENABLE_DEBUG_INFO = NO;
				SDKROOT = iphoneos;
				SWIFT_OPTIMIZATION_LEVEL = "-Owholemodule";
				VALIDATE_PRODUCT = YES;
			};
			name = Release;
		};
		DDCD988520AA946400B8D4D2 /* Debug */ = {
			isa = XCBuildConfiguration;
			buildSettings = {
				ASSETCATALOG_COMPILER_APPICON_NAME = AppIcon;
				CODE_SIGN_STYLE = Automatic;
				DEVELOPMENT_TEAM = 6WJ364GSR7;
				INFOPLIST_FILE = tunetilt/Info.plist;
				IPHONEOS_DEPLOYMENT_TARGET = 11.2;
				LD_RUNPATH_SEARCH_PATHS = "$(inherited) @executable_path/Frameworks";
				PRODUCT_BUNDLE_IDENTIFIER = "com.blinking-light-studios.tunetilt2";
				PRODUCT_NAME = "$(TARGET_NAME)";
				SWIFT_VERSION = 4.0;
				TARGETED_DEVICE_FAMILY = "1,2";
			};
			name = Debug;
		};
		DDCD988620AA946400B8D4D2 /* Release */ = {
			isa = XCBuildConfiguration;
			buildSettings = {
				ASSETCATALOG_COMPILER_APPICON_NAME = AppIcon;
				CODE_SIGN_STYLE = Automatic;
				DEVELOPMENT_TEAM = 6WJ364GSR7;
				INFOPLIST_FILE = tunetilt/Info.plist;
				IPHONEOS_DEPLOYMENT_TARGET = 11.2;
				LD_RUNPATH_SEARCH_PATHS = "$(inherited) @executable_path/Frameworks";
				PRODUCT_BUNDLE_IDENTIFIER = "com.blinking-light-studios.tunetilt2";
				PRODUCT_NAME = "$(TARGET_NAME)";
				SWIFT_VERSION = 4.0;
				TARGETED_DEVICE_FAMILY = "1,2";
			};
			name = Release;
		};
/* End XCBuildConfiguration section */

/* Begin XCConfigurationList section */
		DDCD986D20AA946300B8D4D2 /* Build configuration list for PBXProject "tunetilt" */ = {
			isa = XCConfigurationList;
			buildConfigurations = (
				DDCD988220AA946400B8D4D2 /* Debug */,
				DDCD988320AA946400B8D4D2 /* Release */,
			);
			defaultConfigurationIsVisible = 0;
			defaultConfigurationName = Release;
		};
		DDCD988420AA946400B8D4D2 /* Build configuration list for PBXNativeTarget "tunetilt" */ = {
			isa = XCConfigurationList;
			buildConfigurations = (
				DDCD988520AA946400B8D4D2 /* Debug */,
				DDCD988620AA946400B8D4D2 /* Release */,
			);
			defaultConfigurationIsVisible = 0;
			defaultConfigurationName = Release;
		};
/* End XCConfigurationList section */

/* Begin XCVersionGroup section */
		DCE5D4A720BA41F200CAC42A /* TuneTilt.xcdatamodeld */ = {
			isa = XCVersionGroup;
			children = (
				DCE5D4A820BA41F200CAC42A /* TuneTilt.xcdatamodel */,
			);
			currentVersion = DCE5D4A820BA41F200CAC42A /* TuneTilt.xcdatamodel */;
			path = TuneTilt.xcdatamodeld;
			sourceTree = "<group>";
			versionGroupType = wrapper.xcdatamodel;
		};
/* End XCVersionGroup section */
	};
	rootObject = DDCD986A20AA946300B8D4D2 /* Project object */;
}
